
Microsoft Visual Studio Solution File, Format Version 12.00
# Visual Studio Version 17
VisualStudioVersion = 17.10.35122.118
MinimumVisualStudioVersion = 10.0.40219.1
Project("{8BC9CEB8-8B4A-11D0-8D11-00A0C91BC942}") = "invisirun", "invisirun\invisirun.vcxproj", "{A0055B0E-FC02-4F29-A836-927525E52C8D}"
EndProject
Project("{8BC9CEB8-8B4A-11D0-8D11-00A0C91BC942}") = "invisirun2", "invisirun2\invisirun2.vcxproj", "{2E906B97-AD61-447E-8753-4B806770F4AE}"
EndProject
Project("{8BC9CEB8-8B4A-11D0-8D11-00A0C91BC942}") = "invisirun3", "invisirun3\invisirun3.vcxproj", "{D08EBB7E-C900-4EBA-ACFD-DDB09171722D}"
EndProject
Project("{8BC9CEB8-8B4A-11D0-8D11-00A0C91BC942}") = "invisinet2", "invisinet2\invisinet2.vcxproj", "{BE29C463-45F8-48D2-BF17-150BA4523E05}"
EndProject
Global
	GlobalSection(SolutionConfigurationPlatforms) = preSolution
		Debug|Any CPU = Debug|Any CPU
		Debug|x64 = Debug|x64
		Debug|x86 = Debug|x86
		Release|Any CPU = Release|Any CPU
		Release|x64 = Release|x64
		Release|x86 = Release|x86
	EndGlobalSection
	GlobalSection(ProjectConfigurationPlatforms) = postSolution
		{A0055B0E-FC02-4F29-A836-927525E52C8D}.Debug|Any CPU.ActiveCfg = Debug|x64
		{A0055B0E-FC02-4F29-A836-927525E52C8D}.Debug|Any CPU.Build.0 = Debug|x64
		{A0055B0E-FC02-4F29-A836-927525E52C8D}.Debug|x64.ActiveCfg = Debug|x64
		{A0055B0E-FC02-4F29-A836-927525E52C8D}.Debug|x64.Build.0 = Debug|x64
		{A0055B0E-FC02-4F29-A836-927525E52C8D}.Debug|x86.ActiveCfg = Debug|Win32
		{A0055B0E-FC02-4F29-A836-927525E52C8D}.Debug|x86.Build.0 = Debug|Win32
		{A0055B0E-FC02-4F29-A836-927525E52C8D}.Release|Any CPU.ActiveCfg = Release|x64
		{A0055B0E-FC02-4F29-A836-927525E52C8D}.Release|Any CPU.Build.0 = Release|x64
		{A0055B0E-FC02-4F29-A836-927525E52C8D}.Release|x64.ActiveCfg = Release|x64
		{A0055B0E-FC02-4F29-A836-927525E52C8D}.Release|x64.Build.0 = Release|x64
		{A0055B0E-FC02-4F29-A836-927525E52C8D}.Release|x86.ActiveCfg = Release|Win32
		{A0055B0E-FC02-4F29-A836-927525E52C8D}.Release|x86.Build.0 = Release|Win32
		{2E906B97-AD61-447E-8753-4B806770F4AE}.Debug|Any CPU.ActiveCfg = Debug|x64
		{2E906B97-AD61-447E-8753-4B806770F4AE}.Debug|Any CPU.Build.0 = Debug|x64
		{2E906B97-AD61-447E-8753-4B806770F4AE}.Debug|x64.ActiveCfg = Debug|x64
		{2E906B97-AD61-447E-8753-4B806770F4AE}.Debug|x64.Build.0 = Debug|x64
		{2E906B97-AD61-447E-8753-4B806770F4AE}.Debug|x86.ActiveCfg = Debug|Win32
		{2E906B97-AD61-447E-8753-4B806770F4AE}.Debug|x86.Build.0 = Debug|Win32
		{2E906B97-AD61-447E-8753-4B806770F4AE}.Release|Any CPU.ActiveCfg = Release|x64
		{2E906B97-AD61-447E-8753-4B806770F4AE}.Release|Any CPU.Build.0 = Release|x64
		{2E906B97-AD61-447E-8753-4B806770F4AE}.Release|x64.ActiveCfg = Release|x64
		{2E906B97-AD61-447E-8753-4B806770F4AE}.Release|x64.Build.0 = Release|x64
		{2E906B97-AD61-447E-8753-4B806770F4AE}.Release|x86.ActiveCfg = Release|Win32
		{2E906B97-AD61-447E-8753-4B806770F4AE}.Release|x86.Build.0 = Release|Win32
		{D08EBB7E-C900-4EBA-ACFD-DDB09171722D}.Debug|Any CPU.ActiveCfg = Debug|x64
		{D08EBB7E-C900-4EBA-ACFD-DDB09171722D}.Debug|Any CPU.Build.0 = Debug|x64
		{D08EBB7E-C900-4EBA-ACFD-DDB09171722D}.Debug|x64.ActiveCfg = Debug|x64
		{D08EBB7E-C900-4EBA-ACFD-DDB09171722D}.Debug|x64.Build.0 = Debug|x64
		{D08EBB7E-C900-4EBA-ACFD-DDB09171722D}.Debug|x86.ActiveCfg = Debug|Win32
		{D08EBB7E-C900-4EBA-ACFD-DDB09171722D}.Debug|x86.Build.0 = Debug|Win32
		{D08EBB7E-C900-4EBA-ACFD-DDB09171722D}.Release|Any CPU.ActiveCfg = Release|x64
		{D08EBB7E-C900-4EBA-ACFD-DDB09171722D}.Release|Any CPU.Build.0 = Release|x64
		{D08EBB7E-C900-4EBA-ACFD-DDB09171722D}.Release|x64.ActiveCfg = Release|x64
		{D08EBB7E-C900-4EBA-ACFD-DDB09171722D}.Release|x64.Build.0 = Release|x64
		{D08EBB7E-C900-4EBA-ACFD-DDB09171722D}.Release|x86.ActiveCfg = Release|Win32
		{D08EBB7E-C900-4EBA-ACFD-DDB09171722D}.Release|x86.Build.0 = Release|Win32
		{BE29C463-45F8-48D2-BF17-150BA4523E05}.Debug|Any CPU.ActiveCfg = Debug|x64
		{BE29C463-45F8-48D2-BF17-150BA4523E05}.Debug|Any CPU.Build.0 = Debug|x64
		{BE29C463-45F8-48D2-BF17-150BA4523E05}.Debug|x64.ActiveCfg = Debug|x64
		{BE29C463-45F8-48D2-BF17-150BA4523E05}.Debug|x64.Build.0 = Debug|x64
		{BE29C463-45F8-48D2-BF17-150BA4523E05}.Debug|x86.ActiveCfg = Debug|Win32
		{BE29C463-45F8-48D2-BF17-150BA4523E05}.Debug|x86.Build.0 = Debug|Win32
		{BE29C463-45F8-48D2-BF17-150BA4523E05}.Release|Any CPU.ActiveCfg = Release|x64
		{BE29C463-45F8-48D2-BF17-150BA4523E05}.Release|Any CPU.Build.0 = Release|x64
		{BE29C463-45F8-48D2-BF17-150BA4523E05}.Release|x64.ActiveCfg = Release|x64
		{BE29C463-45F8-48D2-BF17-150BA4523E05}.Release|x64.Build.0 = Release|x64
		{BE29C463-45F8-48D2-BF17-150BA4523E05}.Release|x86.ActiveCfg = Release|Win32
		{BE29C463-45F8-48D2-BF17-150BA4523E05}.Release|x86.Build.0 = Release|Win32
	EndGlobalSection
	GlobalSection(SolutionProperties) = preSolution
		HideSolutionNode = FALSE
	EndGlobalSection
	GlobalSection(ExtensibilityGlobals) = postSolution
		SolutionGuid = {2D25FFDF-E96A-4D24-9339-29BEBE76D171}
	EndGlobalSection
EndGlobal
